
Microsoft Visual Studio Solution File, Format Version 12.00
# Visual Studio Version 16
VisualStudioVersion = 16.0.29519.87
MinimumVisualStudioVersion = 10.0.40219.1
Project("{9A19103F-16F7-4668-BE54-9A1E7A4F7556}") = "Lab1", "Lab1\Lab1.csproj", "{80B39862-8D1B-4CFD-839C-FBDCD2AF5884}"
EndProject
Project("{FAE04EC0-301F-11D3-BF4B-00C04F79EFBC}") = "Lab2", "Lab2\Lab2.csproj", "{985464AE-9422-4DE9-BDC2-7440DDBFFCB4}"
EndProject
Project("{9A19103F-16F7-4668-BE54-9A1E7A4F7556}") = "Lab4", "Lab4\Lab4.csproj", "{D16BCC2F-AF1A-4335-8992-6B380465C1F8}"
EndProject
Project("{9A19103F-16F7-4668-BE54-9A1E7A4F7556}") = "Lab5", "Lab5\Lab5.csproj", "{B6A17A25-4EEE-4E1D-AA1A-21A9CCA102B3}"
EndProject
Project("{2150E333-8FDC-42A3-9474-1A3956D46DE8}") = "Lab6", "Lab6", "{35B2D468-1363-44AE-9FB1-B8AB4450AC23}"
EndProject
Project("{2150E333-8FDC-42A3-9474-1A3956D46DE8}") = "Lab1", "Lab1", "{4DF7247E-850A-420B-BD55-4B2EA7770D07}"
EndProject
Project("{2150E333-8FDC-42A3-9474-1A3956D46DE8}") = "Lab2", "Lab2", "{687FC471-8741-476B-A3CC-890466A01E6C}"
EndProject
Project("{2150E333-8FDC-42A3-9474-1A3956D46DE8}") = "Lab4", "Lab4", "{423328EE-E80E-4FB9-9D04-BC670E39D146}"
EndProject
Project("{2150E333-8FDC-42A3-9474-1A3956D46DE8}") = "Lab5", "Lab5", "{94144CA8-0160-4C33-AA6C-B7E92E4AD04D}"
EndProject
Project("{FAE04EC0-301F-11D3-BF4B-00C04F79EFBC}") = "Lab6.Data", "Lab6\Lab6.Data\Lab6.Data.csproj", "{22537739-1644-44E4-8A89-7582C06A113B}"
EndProject
Project("{FAE04EC0-301F-11D3-BF4B-00C04F79EFBC}") = "Lab6.Wcf.Contracts", "Lab6\Lab6.Wcf.Contracts\Lab6.Wcf.Contracts.csproj", "{670FB11F-7571-4199-B2D7-3E35692ADAB5}"
EndProject
Project("{FAE04EC0-301F-11D3-BF4B-00C04F79EFBC}") = "Lab6.Wcf.Host", "Lab6\Lab6.Wcf.Host\Lab6.Wcf.Host.csproj", "{BC962640-8E89-4E99-83C3-88B5FDEC3532}"
EndProject
Project("{FAE04EC0-301F-11D3-BF4B-00C04F79EFBC}") = "Lab6.Client", "Lab6\Lab6.Client\Lab6.Client.csproj", "{FE2C557F-A844-4904-9681-10AA558845A9}"
EndProject
Project("{2150E333-8FDC-42A3-9474-1A3956D46DE8}") = "Lab8", "Lab8", "{AFF0D635-96D0-4A37-B221-8CD6A2FD19A4}"
EndProject
Project("{9A19103F-16F7-4668-BE54-9A1E7A4F7556}") = "Lab8.GprcGreeter", "Lab8\Lab8.GprcGreeter\Lab8.GprcGreeter.csproj", "{82D181E0-F096-4EBA-87DB-3C8E7ED20018}"
EndProject
Project("{9A19103F-16F7-4668-BE54-9A1E7A4F7556}") = "Lab8.GprcGreeterClient", "Lab8\Lab8.GprcGreeterClient\Lab8.GprcGreeterClient.csproj", "{90A5C0D2-FF7F-453D-8B26-7C55ABE829D0}"
EndProject
Project("{2150E333-8FDC-42A3-9474-1A3956D46DE8}") = "Lab10", "Lab10", "{FE90D3A1-915C-42C5-A2A6-8E3BDE0D40A1}"
EndProject
Project("{FAE04EC0-301F-11D3-BF4B-00C04F79EFBC}") = "Lab10.Service", "Lab10_GRPC_si_EF\Lab10.Service\Lab10.Service.csproj", "{C1EDEBC3-F289-4F92-9915-3DA489C0B391}"
EndProject
Project("{FAE04EC0-301F-11D3-BF4B-00C04F79EFBC}") = "Lab10.Client", "Lab10_GRPC_si_EF\Lab10.Client\Lab10.Client.csproj", "{DA8E9CC6-41E0-4B60-8678-BB43EF5A2BE5}"
EndProject
Global
	GlobalSection(SolutionConfigurationPlatforms) = preSolution
		Debug|Any CPU = Debug|Any CPU
		Release|Any CPU = Release|Any CPU
	EndGlobalSection
	GlobalSection(ProjectConfigurationPlatforms) = postSolution
		{80B39862-8D1B-4CFD-839C-FBDCD2AF5884}.Debug|Any CPU.ActiveCfg = Debug|Any CPU
		{80B39862-8D1B-4CFD-839C-FBDCD2AF5884}.Debug|Any CPU.Build.0 = Debug|Any CPU
		{80B39862-8D1B-4CFD-839C-FBDCD2AF5884}.Release|Any CPU.ActiveCfg = Release|Any CPU
		{80B39862-8D1B-4CFD-839C-FBDCD2AF5884}.Release|Any CPU.Build.0 = Release|Any CPU
		{985464AE-9422-4DE9-BDC2-7440DDBFFCB4}.Debug|Any CPU.ActiveCfg = Debug|Any CPU
		{985464AE-9422-4DE9-BDC2-7440DDBFFCB4}.Debug|Any CPU.Build.0 = Debug|Any CPU
		{985464AE-9422-4DE9-BDC2-7440DDBFFCB4}.Release|Any CPU.ActiveCfg = Release|Any CPU
		{985464AE-9422-4DE9-BDC2-7440DDBFFCB4}.Release|Any CPU.Build.0 = Release|Any CPU
		{D16BCC2F-AF1A-4335-8992-6B380465C1F8}.Debug|Any CPU.ActiveCfg = Debug|Any CPU
		{D16BCC2F-AF1A-4335-8992-6B380465C1F8}.Debug|Any CPU.Build.0 = Debug|Any CPU
		{D16BCC2F-AF1A-4335-8992-6B380465C1F8}.Release|Any CPU.ActiveCfg = Release|Any CPU
		{D16BCC2F-AF1A-4335-8992-6B380465C1F8}.Release|Any CPU.Build.0 = Release|Any CPU
		{B6A17A25-4EEE-4E1D-AA1A-21A9CCA102B3}.Debug|Any CPU.ActiveCfg = Debug|Any CPU
		{B6A17A25-4EEE-4E1D-AA1A-21A9CCA102B3}.Debug|Any CPU.Build.0 = Debug|Any CPU
		{B6A17A25-4EEE-4E1D-AA1A-21A9CCA102B3}.Release|Any CPU.ActiveCfg = Release|Any CPU
		{B6A17A25-4EEE-4E1D-AA1A-21A9CCA102B3}.Release|Any CPU.Build.0 = Release|Any CPU
		{22537739-1644-44E4-8A89-7582C06A113B}.Debug|Any CPU.ActiveCfg = Debug|Any CPU
		{22537739-1644-44E4-8A89-7582C06A113B}.Debug|Any CPU.Build.0 = Debug|Any CPU
		{22537739-1644-44E4-8A89-7582C06A113B}.Release|Any CPU.ActiveCfg = Release|Any CPU
		{22537739-1644-44E4-8A89-7582C06A113B}.Release|Any CPU.Build.0 = Release|Any CPU
		{670FB11F-7571-4199-B2D7-3E35692ADAB5}.Debug|Any CPU.ActiveCfg = Debug|Any CPU
		{670FB11F-7571-4199-B2D7-3E35692ADAB5}.Debug|Any CPU.Build.0 = Debug|Any CPU
		{670FB11F-7571-4199-B2D7-3E35692ADAB5}.Release|Any CPU.ActiveCfg = Release|Any CPU
		{670FB11F-7571-4199-B2D7-3E35692ADAB5}.Release|Any CPU.Build.0 = Release|Any CPU
		{BC962640-8E89-4E99-83C3-88B5FDEC3532}.Debug|Any CPU.ActiveCfg = Debug|Any CPU
		{BC962640-8E89-4E99-83C3-88B5FDEC3532}.Debug|Any CPU.Build.0 = Debug|Any CPU
		{BC962640-8E89-4E99-83C3-88B5FDEC3532}.Release|Any CPU.ActiveCfg = Release|Any CPU
		{BC962640-8E89-4E99-83C3-88B5FDEC3532}.Release|Any CPU.Build.0 = Release|Any CPU
		{FE2C557F-A844-4904-9681-10AA558845A9}.Debug|Any CPU.ActiveCfg = Debug|Any CPU
		{FE2C557F-A844-4904-9681-10AA558845A9}.Debug|Any CPU.Build.0 = Debug|Any CPU
		{FE2C557F-A844-4904-9681-10AA558845A9}.Release|Any CPU.ActiveCfg = Release|Any CPU
		{FE2C557F-A844-4904-9681-10AA558845A9}.Release|Any CPU.Build.0 = Release|Any CPU
		{82D181E0-F096-4EBA-87DB-3C8E7ED20018}.Debug|Any CPU.ActiveCfg = Debug|Any CPU
		{82D181E0-F096-4EBA-87DB-3C8E7ED20018}.Debug|Any CPU.Build.0 = Debug|Any CPU
		{82D181E0-F096-4EBA-87DB-3C8E7ED20018}.Release|Any CPU.ActiveCfg = Release|Any CPU
		{82D181E0-F096-4EBA-87DB-3C8E7ED20018}.Release|Any CPU.Build.0 = Release|Any CPU
		{90A5C0D2-FF7F-453D-8B26-7C55ABE829D0}.Debug|Any CPU.ActiveCfg = Debug|Any CPU
		{90A5C0D2-FF7F-453D-8B26-7C55ABE829D0}.Debug|Any CPU.Build.0 = Debug|Any CPU
		{90A5C0D2-FF7F-453D-8B26-7C55ABE829D0}.Release|Any CPU.ActiveCfg = Release|Any CPU
		{90A5C0D2-FF7F-453D-8B26-7C55ABE829D0}.Release|Any CPU.Build.0 = Release|Any CPU
		{C1EDEBC3-F289-4F92-9915-3DA489C0B391}.Debug|Any CPU.ActiveCfg = Debug|Any CPU
		{C1EDEBC3-F289-4F92-9915-3DA489C0B391}.Debug|Any CPU.Build.0 = Debug|Any CPU
		{C1EDEBC3-F289-4F92-9915-3DA489C0B391}.Release|Any CPU.ActiveCfg = Release|Any CPU
		{C1EDEBC3-F289-4F92-9915-3DA489C0B391}.Release|Any CPU.Build.0 = Release|Any CPU
		{DA8E9CC6-41E0-4B60-8678-BB43EF5A2BE5}.Debug|Any CPU.ActiveCfg = Debug|Any CPU
		{DA8E9CC6-41E0-4B60-8678-BB43EF5A2BE5}.Debug|Any CPU.Build.0 = Debug|Any CPU
		{DA8E9CC6-41E0-4B60-8678-BB43EF5A2BE5}.Release|Any CPU.ActiveCfg = Release|Any CPU
		{DA8E9CC6-41E0-4B60-8678-BB43EF5A2BE5}.Release|Any CPU.Build.0 = Release|Any CPU
	EndGlobalSection
	GlobalSection(SolutionProperties) = preSolution
		HideSolutionNode = FALSE
	EndGlobalSection
	GlobalSection(NestedProjects) = preSolution
		{80B39862-8D1B-4CFD-839C-FBDCD2AF5884} = {4DF7247E-850A-420B-BD55-4B2EA7770D07}
		{985464AE-9422-4DE9-BDC2-7440DDBFFCB4} = {687FC471-8741-476B-A3CC-890466A01E6C}
		{D16BCC2F-AF1A-4335-8992-6B380465C1F8} = {423328EE-E80E-4FB9-9D04-BC670E39D146}
		{B6A17A25-4EEE-4E1D-AA1A-21A9CCA102B3} = {94144CA8-0160-4C33-AA6C-B7E92E4AD04D}
		{22537739-1644-44E4-8A89-7582C06A113B} = {35B2D468-1363-44AE-9FB1-B8AB4450AC23}
		{670FB11F-7571-4199-B2D7-3E35692ADAB5} = {35B2D468-1363-44AE-9FB1-B8AB4450AC23}
		{BC962640-8E89-4E99-83C3-88B5FDEC3532} = {35B2D468-1363-44AE-9FB1-B8AB4450AC23}
		{FE2C557F-A844-4904-9681-10AA558845A9} = {35B2D468-1363-44AE-9FB1-B8AB4450AC23}
		{82D181E0-F096-4EBA-87DB-3C8E7ED20018} = {AFF0D635-96D0-4A37-B221-8CD6A2FD19A4}
		{90A5C0D2-FF7F-453D-8B26-7C55ABE829D0} = {AFF0D635-96D0-4A37-B221-8CD6A2FD19A4}
		{C1EDEBC3-F289-4F92-9915-3DA489C0B391} = {FE90D3A1-915C-42C5-A2A6-8E3BDE0D40A1}
		{DA8E9CC6-41E0-4B60-8678-BB43EF5A2BE5} = {FE90D3A1-915C-42C5-A2A6-8E3BDE0D40A1}
	EndGlobalSection
	GlobalSection(ExtensibilityGlobals) = postSolution
		SolutionGuid = {0722862D-2F2F-4649-B836-06E397F1216E}
	EndGlobalSection
EndGlobal
